
Microsoft Visual Studio Solution File, Format Version 12.00
# Visual Studio Version 17
VisualStudioVersion = 17.0.31919.166
MinimumVisualStudioVersion = 10.0.40219.1
Project("{FAE04EC0-301F-11D3-BF4B-00C04F79EFBC}") = "XLWinServiceAPI", "XLWinServiceAPI.csproj", "{0B3DB46B-FF74-4D25-ABFC-BAF5FC271AA7}"
EndProject
Global
	GlobalSection(SolutionConfigurationPlatforms) = preSolution
		Debug|Any CPU = Debug|Any CPU
		REGAMET_DEBUG|Any CPU = REGAMET_DEBUG|Any CPU
		REGAMET_RELEASE|Any CPU = REGAMET_RELEASE|Any CPU
		Release|Any CPU = Release|Any CPU
	EndGlobalSection
	GlobalSection(ProjectConfigurationPlatforms) = postSolution
		{0B3DB46B-FF74-4D25-ABFC-BAF5FC271AA7}.Debug|Any CPU.ActiveCfg = Debug|Any CPU
		{0B3DB46B-FF74-4D25-ABFC-BAF5FC271AA7}.Debug|Any CPU.Build.0 = Debug|Any CPU
		{0B3DB46B-FF74-4D25-ABFC-BAF5FC271AA7}.REGAMET_DEBUG|Any CPU.ActiveCfg = REGAMET_DEBUG|Any CPU
		{0B3DB46B-FF74-4D25-ABFC-BAF5FC271AA7}.REGAMET_DEBUG|Any CPU.Build.0 = REGAMET_DEBUG|Any CPU
		{0B3DB46B-FF74-4D25-ABFC-BAF5FC271AA7}.REGAMET_RELEASE|Any CPU.ActiveCfg = REGAMET_RELEASE|Any CPU
		{0B3DB46B-FF74-4D25-ABFC-BAF5FC271AA7}.REGAMET_RELEASE|Any CPU.Build.0 = REGAMET_RELEASE|Any CPU
		{0B3DB46B-FF74-4D25-ABFC-BAF5FC271AA7}.Release|Any CPU.ActiveCfg = Release|Any CPU
		{0B3DB46B-FF74-4D25-ABFC-BAF5FC271AA7}.Release|Any CPU.Build.0 = Release|Any CPU
	EndGlobalSection
	GlobalSection(SolutionProperties) = preSolution
		HideSolutionNode = FALSE
	EndGlobalSection
	GlobalSection(ExtensibilityGlobals) = postSolution
		SolutionGuid = {B887F9F9-1D47-45E5-8DD0-7755AFB94234}
	EndGlobalSection
EndGlobal
